
Microsoft Visual Studio Solution File, Format Version 12.00
# Visual Studio Version 17
VisualStudioVersion = 17.11.35303.130
MinimumVisualStudioVersion = 10.0.40219.1
Project("{FAE04EC0-301F-11D3-BF4B-00C04F79EFBC}") = "TsmTask4", "TsmTask4\TsmTask4.csproj", "{990D65E8-10DA-4781-A45B-27BB0035F74B}"
EndProject
Global
	GlobalSection(SolutionConfigurationPlatforms) = preSolution
		Debug|Any CPU = Debug|Any CPU
		Release|Any CPU = Release|Any CPU
	EndGlobalSection
	GlobalSection(ProjectConfigurationPlatforms) = postSolution
		{990D65E8-10DA-4781-A45B-27BB0035F74B}.Debug|Any CPU.ActiveCfg = Debug|Any CPU
		{990D65E8-10DA-4781-A45B-27BB0035F74B}.Debug|Any CPU.Build.0 = Debug|Any CPU
		{990D65E8-10DA-4781-A45B-27BB0035F74B}.Release|Any CPU.ActiveCfg = Release|Any CPU
		{990D65E8-10DA-4781-A45B-27BB0035F74B}.Release|Any CPU.Build.0 = Release|Any CPU
	EndGlobalSection
	GlobalSection(SolutionProperties) = preSolution
		HideSolutionNode = FALSE
	EndGlobalSection
	GlobalSection(ExtensibilityGlobals) = postSolution
		SolutionGuid = {1F4401D2-6365-482A-B8A0-8F9C757A4D54}
	EndGlobalSection
EndGlobal
